
Microsoft Visual Studio Solution File, Format Version 12.00
# Visual Studio Version 17
VisualStudioVersion = 17.13.36105.23 d17.13
MinimumVisualStudioVersion = 10.0.40219.1
Project("{FAE04EC0-301F-11D3-BF4B-00C04F79EFBC}") = "HuflitShop", "HuflitShop.csproj", "{ECB70B15-D728-BE31-D30D-13ED004BB28F}"
EndProject
Global
	GlobalSection(SolutionConfigurationPlatforms) = preSolution
		Debug|Any CPU = Debug|Any CPU
		Release|Any CPU = Release|Any CPU
	EndGlobalSection
	GlobalSection(ProjectConfigurationPlatforms) = postSolution
		{ECB70B15-D728-BE31-D30D-13ED004BB28F}.Debug|Any CPU.ActiveCfg = Debug|Any CPU
		{ECB70B15-D728-BE31-D30D-13ED004BB28F}.Debug|Any CPU.Build.0 = Debug|Any CPU
		{ECB70B15-D728-BE31-D30D-13ED004BB28F}.Release|Any CPU.ActiveCfg = Release|Any CPU
		{ECB70B15-D728-BE31-D30D-13ED004BB28F}.Release|Any CPU.Build.0 = Release|Any CPU
	EndGlobalSection
	GlobalSection(SolutionProperties) = preSolution
		HideSolutionNode = FALSE
	EndGlobalSection
	GlobalSection(ExtensibilityGlobals) = postSolution
		SolutionGuid = {E4D32D1D-0DC8-4AED-8648-8D667E5F7EE6}
	EndGlobalSection
EndGlobal
